
Microsoft Visual Studio Solution File, Format Version 12.00
# Visual Studio Version 16
VisualStudioVersion = 16.0.31019.35
MinimumVisualStudioVersion = 10.0.40219.1
Project("{FAE04EC0-301F-11D3-BF4B-00C04F79EFBC}") = "Module15Refleks", "Module15Refleks\Module15Refleks.csproj", "{812EC3B6-CF4E-41EC-BBDF-38425EFD7656}"
EndProject
Global
	GlobalSection(SolutionConfigurationPlatforms) = preSolution
		Debug|Any CPU = Debug|Any CPU
		Release|Any CPU = Release|Any CPU
	EndGlobalSection
	GlobalSection(ProjectConfigurationPlatforms) = postSolution
		{812EC3B6-CF4E-41EC-BBDF-38425EFD7656}.Debug|Any CPU.ActiveCfg = Debug|Any CPU
		{812EC3B6-CF4E-41EC-BBDF-38425EFD7656}.Debug|Any CPU.Build.0 = Debug|Any CPU
		{812EC3B6-CF4E-41EC-BBDF-38425EFD7656}.Release|Any CPU.ActiveCfg = Release|Any CPU
		{812EC3B6-CF4E-41EC-BBDF-38425EFD7656}.Release|Any CPU.Build.0 = Release|Any CPU
	EndGlobalSection
	GlobalSection(SolutionProperties) = preSolution
		HideSolutionNode = FALSE
	EndGlobalSection
	GlobalSection(ExtensibilityGlobals) = postSolution
		SolutionGuid = {7D285BE2-43B6-49C1-998E-F8F579FD7906}
	EndGlobalSection
EndGlobal
